
Microsoft Visual Studio Solution File, Format Version 12.00
# Visual Studio 15
VisualStudioVersion = 15.0.28307.329
MinimumVisualStudioVersion = 10.0.40219.1
Project("{FAE04EC0-301F-11D3-BF4B-00C04F79EFBC}") = "CustomConsole", "CustomConsole\CustomConsole.csproj", "{8423460A-C7BB-4453-85DE-6C9C3AFA1268}"
EndProject
Project("{FAE04EC0-301F-11D3-BF4B-00C04F79EFBC}") = "Framework", "Framework\Framework.csproj", "{227231B0-8AEC-4A6F-A7C7-8950860577D4}"
EndProject
Global
	GlobalSection(SolutionConfigurationPlatforms) = preSolution
		Debug|Any CPU = Debug|Any CPU
		Release|Any CPU = Release|Any CPU
	EndGlobalSection
	GlobalSection(ProjectConfigurationPlatforms) = postSolution
		{8423460A-C7BB-4453-85DE-6C9C3AFA1268}.Debug|Any CPU.ActiveCfg = Debug|Any CPU
		{8423460A-C7BB-4453-85DE-6C9C3AFA1268}.Debug|Any CPU.Build.0 = Debug|Any CPU
		{8423460A-C7BB-4453-85DE-6C9C3AFA1268}.Release|Any CPU.ActiveCfg = Release|Any CPU
		{8423460A-C7BB-4453-85DE-6C9C3AFA1268}.Release|Any CPU.Build.0 = Release|Any CPU
		{227231B0-8AEC-4A6F-A7C7-8950860577D4}.Debug|Any CPU.ActiveCfg = Debug|Any CPU
		{227231B0-8AEC-4A6F-A7C7-8950860577D4}.Debug|Any CPU.Build.0 = Debug|Any CPU
		{227231B0-8AEC-4A6F-A7C7-8950860577D4}.Release|Any CPU.ActiveCfg = Release|Any CPU
		{227231B0-8AEC-4A6F-A7C7-8950860577D4}.Release|Any CPU.Build.0 = Release|Any CPU
	EndGlobalSection
	GlobalSection(SolutionProperties) = preSolution
		HideSolutionNode = FALSE
	EndGlobalSection
	GlobalSection(ExtensibilityGlobals) = postSolution
		SolutionGuid = {C5ECF3C7-A629-485C-8289-0D9DCC620B9A}
	EndGlobalSection
EndGlobal
